{
  "name": "ajs-platforms-test",
  "version": "1.0.0",
  "lockfileVersion": 1,
  "requires": true,
  "dependencies": {
    "@anastasia-shmeleva/ajs-platforms": {
      "version": "1.0.0",
      "resolved": "https://npm.pkg.github.com/download/@anastasia-shmeleva/ajs-platforms/1.0.0/5b3b545c085a51bc75193a69b175c8040e6277023cc3baa5f5f5edbf99680c22",
      "integrity": "sha512-hzvQ/AnRogBKdZRaIoYkuGgVzLjZ1B9ZvZvmRcKaUt8Kq2a0Lix9OT6t+x/CCdSnP0vWPADqiOfML8teJVCdiw=="
    }
  }
}
